
Microsoft Visual Studio Solution File, Format Version 12.00
# Visual Studio Version 17
VisualStudioVersion = 17.14.36221.1 d17.14
MinimumVisualStudioVersion = 10.0.40219.1
Project("{FAE04EC0-301F-11D3-BF4B-00C04F79EFBC}") = "LeetCodeProblems", "LeetCodeProblems\LeetCodeProblems.csproj", "{EDEFCBC3-9BA2-460F-BDCE-0786BF529FE0}"
EndProject
Global
	GlobalSection(SolutionConfigurationPlatforms) = preSolution
		Debug|Any CPU = Debug|Any CPU
		Release|Any CPU = Release|Any CPU
	EndGlobalSection
	GlobalSection(ProjectConfigurationPlatforms) = postSolution
		{EDEFCBC3-9BA2-460F-BDCE-0786BF529FE0}.Debug|Any CPU.ActiveCfg = Debug|Any CPU
		{EDEFCBC3-9BA2-460F-BDCE-0786BF529FE0}.Debug|Any CPU.Build.0 = Debug|Any CPU
		{EDEFCBC3-9BA2-460F-BDCE-0786BF529FE0}.Release|Any CPU.ActiveCfg = Release|Any CPU
		{EDEFCBC3-9BA2-460F-BDCE-0786BF529FE0}.Release|Any CPU.Build.0 = Release|Any CPU
	EndGlobalSection
	GlobalSection(SolutionProperties) = preSolution
		HideSolutionNode = FALSE
	EndGlobalSection
	GlobalSection(ExtensibilityGlobals) = postSolution
		SolutionGuid = {50806967-BC01-487B-888F-1C6F7E219829}
	EndGlobalSection
EndGlobal
